
Microsoft Visual Studio Solution File, Format Version 12.00
# Visual Studio Version 16
VisualStudioVersion = 16.0.29123.88
MinimumVisualStudioVersion = 10.0.40219.1
Project("{FAE04EC0-301F-11D3-BF4B-00C04F79EFBC}") = "ValidatePK", "ValidatePK\ValidatePK.csproj", "{207E0416-79E9-4679-AE78-395F6BE55967}"
EndProject
Project("{FAE04EC0-301F-11D3-BF4B-00C04F79EFBC}") = "RunApriori", "RunApriori\RunApriori.csproj", "{A4996538-4C3C-437A-BF39-BE80D84128AA}"
EndProject
Project("{FAE04EC0-301F-11D3-BF4B-00C04F79EFBC}") = "AnalysingResults", "AnalysingResults\AnalysingResults.csproj", "{C088D5C5-55C9-4055-8283-377E9F56AB89}"
EndProject
Global
	GlobalSection(SolutionConfigurationPlatforms) = preSolution
		Debug|Any CPU = Debug|Any CPU
		Debug|x64 = Debug|x64
		Release|Any CPU = Release|Any CPU
		Release|x64 = Release|x64
	EndGlobalSection
	GlobalSection(ProjectConfigurationPlatforms) = postSolution
		{207E0416-79E9-4679-AE78-395F6BE55967}.Debug|Any CPU.ActiveCfg = Debug|Any CPU
		{207E0416-79E9-4679-AE78-395F6BE55967}.Debug|Any CPU.Build.0 = Debug|Any CPU
		{207E0416-79E9-4679-AE78-395F6BE55967}.Debug|x64.ActiveCfg = Debug|x64
		{207E0416-79E9-4679-AE78-395F6BE55967}.Debug|x64.Build.0 = Debug|x64
		{207E0416-79E9-4679-AE78-395F6BE55967}.Release|Any CPU.ActiveCfg = Release|Any CPU
		{207E0416-79E9-4679-AE78-395F6BE55967}.Release|Any CPU.Build.0 = Release|Any CPU
		{207E0416-79E9-4679-AE78-395F6BE55967}.Release|x64.ActiveCfg = Release|x64
		{207E0416-79E9-4679-AE78-395F6BE55967}.Release|x64.Build.0 = Release|x64
		{A4996538-4C3C-437A-BF39-BE80D84128AA}.Debug|Any CPU.ActiveCfg = Debug|Any CPU
		{A4996538-4C3C-437A-BF39-BE80D84128AA}.Debug|Any CPU.Build.0 = Debug|Any CPU
		{A4996538-4C3C-437A-BF39-BE80D84128AA}.Debug|x64.ActiveCfg = Debug|Any CPU
		{A4996538-4C3C-437A-BF39-BE80D84128AA}.Debug|x64.Build.0 = Debug|Any CPU
		{A4996538-4C3C-437A-BF39-BE80D84128AA}.Release|Any CPU.ActiveCfg = Release|Any CPU
		{A4996538-4C3C-437A-BF39-BE80D84128AA}.Release|Any CPU.Build.0 = Release|Any CPU
		{A4996538-4C3C-437A-BF39-BE80D84128AA}.Release|x64.ActiveCfg = Release|Any CPU
		{A4996538-4C3C-437A-BF39-BE80D84128AA}.Release|x64.Build.0 = Release|Any CPU
		{C088D5C5-55C9-4055-8283-377E9F56AB89}.Debug|Any CPU.ActiveCfg = Debug|Any CPU
		{C088D5C5-55C9-4055-8283-377E9F56AB89}.Debug|Any CPU.Build.0 = Debug|Any CPU
		{C088D5C5-55C9-4055-8283-377E9F56AB89}.Debug|x64.ActiveCfg = Debug|Any CPU
		{C088D5C5-55C9-4055-8283-377E9F56AB89}.Debug|x64.Build.0 = Debug|Any CPU
		{C088D5C5-55C9-4055-8283-377E9F56AB89}.Release|Any CPU.ActiveCfg = Release|Any CPU
		{C088D5C5-55C9-4055-8283-377E9F56AB89}.Release|Any CPU.Build.0 = Release|Any CPU
		{C088D5C5-55C9-4055-8283-377E9F56AB89}.Release|x64.ActiveCfg = Release|Any CPU
		{C088D5C5-55C9-4055-8283-377E9F56AB89}.Release|x64.Build.0 = Release|Any CPU
	EndGlobalSection
	GlobalSection(SolutionProperties) = preSolution
		HideSolutionNode = FALSE
	EndGlobalSection
	GlobalSection(ExtensibilityGlobals) = postSolution
		SolutionGuid = {156BB55C-2B68-4331-8E13-37EED02B6D3D}
	EndGlobalSection
EndGlobal
